// !$*UTF8*$!
{
	archiveVersion = 1;
	classes = {
	};
	objectVersion = 46;
	objects = {

/* Begin PBXBuildFile section */
		7743803C1EA0174A00162750 /* AppDelegate.swift in Sources */ = {isa = PBXBuildFile; fileRef = 7743803B1EA0174A00162750 /* AppDelegate.swift */; };
		7743803E1EA0174A00162750 /* ViewController.swift in Sources */ = {isa = PBXBuildFile; fileRef = 7743803D1EA0174A00162750 /* ViewController.swift */; };
		774380411EA0174A00162750 /* Main.storyboard in Resources */ = {isa = PBXBuildFile; fileRef = 7743803F1EA0174A00162750 /* Main.storyboard */; };
		774380431EA0174A00162750 /* Assets.xcassets in Resources */ = {isa = PBXBuildFile; fileRef = 774380421EA0174A00162750 /* Assets.xcassets */; };
		774380461EA0174A00162750 /* LaunchScreen.storyboard in Resources */ = {isa = PBXBuildFile; fileRef = 774380441EA0174A00162750 /* LaunchScreen.storyboard */; };
		7743804E1EA0457000162750 /* PositionsGenerator.swift in Sources */ = {isa = PBXBuildFile; fileRef = 7743804D1EA0457000162750 /* PositionsGenerator.swift */; };
/* End PBXBuildFile section */

/* Begin PBXFileReference section */
		774380381EA0174A00162750 /* Dynamics.app */ = {isa = PBXFileReference; explicitFileType = wrapper.application; includeInIndex = 0; path = Dynamics.app; sourceTree = BUILT_PRODUCTS_DIR; };
		7743803B1EA0174A00162750 /* AppDelegate.swift */ = {isa = PBXFileReference; lastKnownFileType = sourcecode.swift; path = AppDelegate.swift; sourceTree = "<group>"; };
		7743803D1EA0174A00162750 /* ViewController.swift */ = {isa = PBXFileReference; lastKnownFileType = sourcecode.swift; path = ViewController.swift; sourceTree = "<group>"; };
		774380401EA0174A00162750 /* Base */ = {isa = PBXFileReference; lastKnownFileType = file.storyboard; name = Base; path = Base.lproj/Main.storyboard; sourceTree = "<group>"; };
		774380421EA0174A00162750 /* Assets.xcassets */ = {isa = PBXFileReference; lastKnownFileType = folder.assetcatalog; path = Assets.xcassets; sourceTree = "<group>"; };
		774380451EA0174A00162750 /* Base */ = {isa = PBXFileReference; lastKnownFileType = file.storyboard; name = Base; path = Base.lproj/LaunchScreen.storyboard; sourceTree = "<group>"; };
		774380471EA0174A00162750 /* Info.plist */ = {isa = PBXFileReference; lastKnownFileType = text.plist.xml; path = Info.plist; sourceTree = "<group>"; };
		7743804D1EA0457000162750 /* PositionsGenerator.swift */ = {isa = PBXFileReference; fileEncoding = 4; lastKnownFileType = sourcecode.swift; path = PositionsGenerator.swift; sourceTree = "<group>"; };
/* End PBXFileReference section */

/* Begin PBXFrameworksBuildPhase section */
		774380351EA0174A00162750 /* Frameworks */ = {
			isa = PBXFrameworksBuildPhase;
			buildActionMask = 2147483647;
			files = (
			);
			runOnlyForDeploymentPostprocessing = 0;
		};
/* End PBXFrameworksBuildPhase section */

/* Begin PBXGroup section */
		7743802F1EA0174A00162750 = {
			isa = PBXGroup;
			children = (
				7743803A1EA0174A00162750 /* Dynamics */,
				774380391EA0174A00162750 /* Products */,
			);
			sourceTree = "<group>";
		};
		774380391EA0174A00162750 /* Products */ = {
			isa = PBXGroup;
			children = (
				774380381EA0174A00162750 /* Dynamics.app */,
			);
			name = Products;
			sourceTree = "<group>";
		};
		7743803A1EA0174A00162750 /* Dynamics */ = {
			isa = PBXGroup;
			children = (
				7743803B1EA0174A00162750 /* AppDelegate.swift */,
				7743803D1EA0174A00162750 /* ViewController.swift */,
				7743803F1EA0174A00162750 /* Main.storyboard */,
				774380421EA0174A00162750 /* Assets.xcassets */,
				774380441EA0174A00162750 /* LaunchScreen.storyboard */,
				774380471EA0174A00162750 /* Info.plist */,
				7743804D1EA0457000162750 /* PositionsGenerator.swift */,
			);
			path = Dynamics;
			sourceTree = "<group>";
		};
/* End PBXGroup section */

/* Begin PBXNativeTarget section */
		774380371EA0174A00162750 /* Dynamics */ = {
			isa = PBXNativeTarget;
			buildConfigurationList = 7743804A1EA0174A00162750 /* Build configuration list for PBXNativeTarget "Dynamics" */;
			buildPhases = (
				774380341EA0174A00162750 /* Sources */,
				774380351EA0174A00162750 /* Frameworks */,
				774380361EA0174A00162750 /* Resources */,
			);
			buildRules = (
			);
			dependencies = (
			);
			name = Dynamics;
			productName = Dynamics;
			productReference = 774380381EA0174A00162750 /* Dynamics.app */;
			productType = "com.apple.product-type.application";
		};
/* End PBXNativeTarget section */

/* Begin PBXProject section */
		774380301EA0174A00162750 /* Project object */ = {
			isa = PBXProject;
			attributes = {
				LastSwiftUpdateCheck = 0830;
				LastUpgradeCheck = 0830;
				ORGANIZATIONNAME = "Pierre Binon";
				TargetAttributes = {
					774380371EA0174A00162750 = {
						CreatedOnToolsVersion = 8.3.1;
						DevelopmentTeam = U35NBSX85J;
						ProvisioningStyle = Automatic;
					};
				};
			};
			buildConfigurationList = 774380331EA0174A00162750 /* Build configuration list for PBXProject "Dynamics" */;
			compatibilityVersion = "Xcode 3.2";
			developmentRegion = English;
			hasScannedForEncodings = 0;
			knownRegions = (
				en,
				Base,
			);
			mainGroup = 7743802F1EA0174A00162750;
			productRefGroup = 774380391EA0174A00162750 /* Products */;
			projectDirPath = "";
			projectRoot = "";
			targets = (
				774380371EA0174A00162750 /* Dynamics */,
			);
		};
/* End PBXProject section */

/* Begin PBXResourcesBuildPhase section */
		774380361EA0174A00162750 /* Resources */ = {
			isa = PBXResourcesBuildPhase;
			buildActionMask = 2147483647;
			files = (
				774380461EA0174A00162750 /* LaunchScreen.storyboard in Resources */,
				774380431EA0174A00162750 /* Assets.xcassets in Resources */,
				774380411EA0174A00162750 /* Main.storyboard in Resources */,
			);
			runOnlyForDeploymentPostprocessing = 0;
		};
/* End PBXResourcesBuildPhase section */

/* Begin PBXSourcesBuildPhase section */
		774380341EA0174A00162750 /* Sources */ = {
			isa = PBXSourcesBuildPhase;
			buildActionMask = 2147483647;
			files = (
				7743803E1EA0174A00162750 /* ViewController.swift in Sources */,
				7743804E1EA0457000162750 /* PositionsGenerator.swift in Sources */,
				7743803C1EA0174A00162750 /* AppDelegate.swift in Sources */,
			);
			runOnlyForDeploymentPostprocessing = 0;
		};
/* End PBXSourcesBuildPhase section */

/* Begin PBXVariantGroup section */
		7743803F1EA0174A00162750 /* Main.storyboard */ = {
			isa = PBXVariantGroup;
			children = (
				774380401EA0174A00162750 /* Base */,
			);
			name = Main.storyboard;
			sourceTree = "<group>";
		};
		774380441EA0174A00162750 /* LaunchScreen.storyboard */ = {
			isa = PBXVariantGroup;
			children = (
				774380451EA0174A00162750 /* Base */,
			);
			name = LaunchScreen.storyboard;
			sourceTree = "<group>";
		};
/* End PBXVariantGroup section */

/* Begin XCBuildConfiguration section */
		774380481EA0174A00162750 /* Debug */ = {
			isa = XCBuildConfiguration;
			buildSettings = {
				ALWAYS_SEARCH_USER_PATHS = NO;
				CLANG_ANALYZER_NONNULL = YES;
				CLANG_ANALYZER_NUMBER_OBJECT_CONVERSION = YES_AGGRESSIVE;
				CLANG_CXX_LANGUAGE_STANDARD = "gnu++0x";
				CLANG_CXX_LIBRARY = "libc++";
				CLANG_ENABLE_MODULES = YES;
				CLANG_ENABLE_OBJC_ARC = YES;
				CLANG_WARN_BOOL_CONVERSION = YES;
				CLANG_WARN_CONSTANT_CONVERSION = YES;
				CLANG_WARN_DIRECT_OBJC_ISA_USAGE = YES_ERROR;
				CLANG_WARN_DOCUMENTATION_COMMENTS = YES;
				CLANG_WARN_EMPTY_BODY = YES;
				CLANG_WARN_ENUM_CONVERSION = YES;
				CLANG_WARN_INFINITE_RECURSION = YES;
				CLANG_WARN_INT_CONVERSION = YES;
				CLANG_WARN_OBJC_ROOT_CLASS = YES_ERROR;
				CLANG_WARN_SUSPICIOUS_MOVE = YES;
				CLANG_WARN_UNREACHABLE_CODE = YES;
				CLANG_WARN__DUPLICATE_METHOD_MATCH = YES;
				"CODE_SIGN_IDENTITY[sdk=iphoneos*]" = "iPhone Developer";
				COPY_PHASE_STRIP = NO;
				DEBUG_INFORMATION_FORMAT = dwarf;
				ENABLE_STRICT_OBJC_MSGSEND = YES;
				ENABLE_TESTABILITY = YES;
				GCC_C_LANGUAGE_STANDARD = gnu99;
				GCC_DYNAMIC_NO_PIC = NO;
				GCC_NO_COMMON_BLOCKS = YES;
				GCC_OPTIMIZATION_LEVEL = 0;
				GCC_PREPROCESSOR_DEFINITIONS = (
					"DEBUG=1",
					"$(inherited)",
				);
				GCC_WARN_64_TO_32_BIT_CONVERSION = YES;
				GCC_WARN_ABOUT_RETURN_TYPE = YES_ERROR;
				GCC_WARN_UNDECLARED_SELECTOR = YES;
				GCC_WARN_UNINITIALIZED_AUTOS = YES_AGGRESSIVE;
				GCC_WARN_UNUSED_FUNCTION = YES;
				GCC_WARN_UNUSED_VARIABLE = YES;
				IPHONEOS_DEPLOYMENT_TARGET = 10.3;
				MTL_ENABLE_DEBUG_INFO = YES;
				ONLY_ACTIVE_ARCH = YES;
				SDKROOT = iphoneos;
				SWIFT_ACTIVE_COMPILATION_CONDITIONS = DEBUG;
				SWIFT_OPTIMIZATION_LEVEL = "-Onone";
			};
			name = Debug;
		};
		774380491EA0174A00162750 /* Release */ = {
			isa = XCBuildConfiguration;
			buildSettings = {
				ALWAYS_SEARCH_USER_PATHS = NO;
				CLANG_ANALYZER_NONNULL = YES;
				CLANG_ANALYZER_NUMBER_OBJECT_CONVERSION = YES_AGGRESSIVE;
				CLANG_CXX_LANGUAGE_STANDARD = "gnu++0x";
				CLANG_CXX_LIBRARY = "libc++";
				CLANG_ENABLE_MODULES = YES;
				CLANG_ENABLE_OBJC_ARC = YES;
				CLANG_WARN_BOOL_CONVERSION = YES;
				CLANG_WARN_CONSTANT_CONVERSION = YES;
				CLANG_WARN_DIRECT_OBJC_ISA_USAGE = YES_ERROR;
				CLANG_WARN_DOCUMENTATION_COMMENTS = YES;
				CLANG_WARN_EMPTY_BODY = YES;
				CLANG_WARN_ENUM_CONVERSION = YES;
				CLANG_WARN_INFINITE_RECURSION = YES;
				CLANG_WARN_INT_CONVERSION = YES;
				CLANG_WARN_OBJC_ROOT_CLASS = YES_ERROR;
				CLANG_WARN_SUSPICIOUS_MOVE = YES;
				CLANG_WARN_UNREACHABLE_CODE = YES;
				CLANG_WARN__DUPLICATE_METHOD_MATCH = YES;
				"CODE_SIGN_IDENTITY[sdk=iphoneos*]" = "iPhone Developer";
				COPY_PHASE_STRIP = NO;
				DEBUG_INFORMATION_FORMAT = "dwarf-with-dsym";
				ENABLE_NS_ASSERTIONS = NO;
				ENABLE_STRICT_OBJC_MSGSEND = YES;
				GCC_C_LANGUAGE_STANDARD = gnu99;
				GCC_NO_COMMON_BLOCKS = YES;
				GCC_WARN_64_TO_32_BIT_CONVERSION = YES;
				GCC_WARN_ABOUT_RETURN_TYPE = YES_ERROR;
				GCC_WARN_UNDECLARED_SELECTOR = YES;
				GCC_WARN_UNINITIALIZED_AUTOS = YES_AGGRESSIVE;
				GCC_WARN_UNUSED_FUNCTION = YES;
				GCC_WARN_UNUSED_VARIABLE = YES;
				IPHONEOS_DEPLOYMENT_TARGET = 10.3;
				MTL_ENABLE_DEBUG_INFO = NO;
				SDKROOT = iphoneos;
				SWIFT_OPTIMIZATION_LEVEL = "-Owholemodule";
				VALIDATE_PRODUCT = YES;
			};
			name = Release;
		};
		7743804B1EA0174A00162750 /* Debug */ = {
			isa = XCBuildConfiguration;
			buildSettings = {
				ASSETCATALOG_COMPILER_APPICON_NAME = AppIcon;
				DEVELOPMENT_TEAM = U35NBSX85J;
				INFOPLIST_FILE = Dynamics/Info.plist;
				LD_RUNPATH_SEARCH_PATHS = "$(inherited) @executable_path/Frameworks";
				PRODUCT_BUNDLE_IDENTIFIER = com.pierrebinon.Dynamics;
				PRODUCT_NAME = "$(TARGET_NAME)";
				SWIFT_VERSION = 3.0;
			};
			name = Debug;
		};
		7743804C1EA0174A00162750 /* Release */ = {
			isa = XCBuildConfiguration;
			buildSettings = {
				ASSETCATALOG_COMPILER_APPICON_NAME = AppIcon;
				DEVELOPMENT_TEAM = U35NBSX85J;
				INFOPLIST_FILE = Dynamics/Info.plist;
				LD_RUNPATH_SEARCH_PATHS = "$(inherited) @executable_path/Frameworks";
				PRODUCT_BUNDLE_IDENTIFIER = com.pierrebinon.Dynamics;
				PRODUCT_NAME = "$(TARGET_NAME)";
				SWIFT_VERSION = 3.0;
			};
			name = Release;
		};
/* End XCBuildConfiguration section */

/* Begin XCConfigurationList section */
		774380331EA0174A00162750 /* Build configuration list for PBXProject "Dynamics" */ = {
			isa = XCConfigurationList;
			buildConfigurations = (
				774380481EA0174A00162750 /* Debug */,
				774380491EA0174A00162750 /* Release */,
			);
			defaultConfigurationIsVisible = 0;
			defaultConfigurationName = Release;
		};
		7743804A1EA0174A00162750 /* Build configuration list for PBXNativeTarget "Dynamics" */ = {
			isa = XCConfigurationList;
			buildConfigurations = (
				7743804B1EA0174A00162750 /* Debug */,
				7743804C1EA0174A00162750 /* Release */,
			);
			defaultConfigurationIsVisible = 0;
		};
/* End XCConfigurationList section */
	};
	rootObject = 774380301EA0174A00162750 /* Project object */;
}
